
Microsoft Visual Studio Solution File, Format Version 12.00
# Visual Studio Version 16
VisualStudioVersion = 16.0.29920.165
MinimumVisualStudioVersion = 10.0.40219.1
Project("{FAE04EC0-301F-11D3-BF4B-00C04F79EFBC}") = "SeleniumAutoTesting", "SeleniumAutoTesting.csproj", "{528BEA0D-762C-4C4A-956B-1A64CA3243CD}"
EndProject
Global
	GlobalSection(SolutionConfigurationPlatforms) = preSolution
		Debug|Any CPU = Debug|Any CPU
		Release|Any CPU = Release|Any CPU
	EndGlobalSection
	GlobalSection(ProjectConfigurationPlatforms) = postSolution
		{528BEA0D-762C-4C4A-956B-1A64CA3243CD}.Debug|Any CPU.ActiveCfg = Debug|Any CPU
		{528BEA0D-762C-4C4A-956B-1A64CA3243CD}.Debug|Any CPU.Build.0 = Debug|Any CPU
		{528BEA0D-762C-4C4A-956B-1A64CA3243CD}.Release|Any CPU.ActiveCfg = Release|Any CPU
		{528BEA0D-762C-4C4A-956B-1A64CA3243CD}.Release|Any CPU.Build.0 = Release|Any CPU
	EndGlobalSection
	GlobalSection(SolutionProperties) = preSolution
		HideSolutionNode = FALSE
	EndGlobalSection
	GlobalSection(ExtensibilityGlobals) = postSolution
		SolutionGuid = {15786A1B-2606-4FA5-9224-FD5AF8FE3C1F}
	EndGlobalSection
EndGlobal
